
Microsoft Visual Studio Solution File, Format Version 12.00
# Visual Studio Version 17
VisualStudioVersion = 17.14.36429.23 d17.14
MinimumVisualStudioVersion = 10.0.40219.1
Project("{FAE04EC0-301F-11D3-BF4B-00C04F79EFBC}") = "UndoRedoLib", "UndoRedoLib\UndoRedoLib.csproj", "{3CDCCE48-0D25-8CBF-9221-5D16FEC49969}"
EndProject
Project("{FAE04EC0-301F-11D3-BF4B-00C04F79EFBC}") = "UndoRedoLib.Tests", "UndoRedoLib.Tests\UndoRedoLib.Tests.csproj", "{77F4D81D-1B3B-3766-6B38-7B1A031592BD}"
EndProject
Global
	GlobalSection(SolutionConfigurationPlatforms) = preSolution
		Debug|Any CPU = Debug|Any CPU
		Release|Any CPU = Release|Any CPU
	EndGlobalSection
	GlobalSection(ProjectConfigurationPlatforms) = postSolution
		{3CDCCE48-0D25-8CBF-9221-5D16FEC49969}.Debug|Any CPU.ActiveCfg = Debug|Any CPU
		{3CDCCE48-0D25-8CBF-9221-5D16FEC49969}.Debug|Any CPU.Build.0 = Debug|Any CPU
		{3CDCCE48-0D25-8CBF-9221-5D16FEC49969}.Release|Any CPU.ActiveCfg = Release|Any CPU
		{3CDCCE48-0D25-8CBF-9221-5D16FEC49969}.Release|Any CPU.Build.0 = Release|Any CPU
		{77F4D81D-1B3B-3766-6B38-7B1A031592BD}.Debug|Any CPU.ActiveCfg = Debug|Any CPU
		{77F4D81D-1B3B-3766-6B38-7B1A031592BD}.Debug|Any CPU.Build.0 = Debug|Any CPU
		{77F4D81D-1B3B-3766-6B38-7B1A031592BD}.Release|Any CPU.ActiveCfg = Release|Any CPU
		{77F4D81D-1B3B-3766-6B38-7B1A031592BD}.Release|Any CPU.Build.0 = Release|Any CPU
	EndGlobalSection
	GlobalSection(SolutionProperties) = preSolution
		HideSolutionNode = FALSE
	EndGlobalSection
	GlobalSection(ExtensibilityGlobals) = postSolution
		SolutionGuid = {086C7C67-AFC6-434C-AC13-FF6F3C428727}
	EndGlobalSection
EndGlobal
